// !$*UTF8*$!
{
	archiveVersion = 1;
	classes = {
	};
	objectVersion = 46;
	objects = {

/* Begin PBXBuildFile section */
		81B2D7CA1D57979700BE405C /* AppDelegate.swift in Sources */ = {isa = PBXBuildFile; fileRef = 81B2D7C91D57979700BE405C /* AppDelegate.swift */; };
		81B2D7CC1D57979700BE405C /* ViewController.swift in Sources */ = {isa = PBXBuildFile; fileRef = 81B2D7CB1D57979700BE405C /* ViewController.swift */; };
		81B2D7CF1D57979700BE405C /* Main.storyboard in Resources */ = {isa = PBXBuildFile; fileRef = 81B2D7CD1D57979700BE405C /* Main.storyboard */; };
		81B2D7D11D57979700BE405C /* Assets.xcassets in Resources */ = {isa = PBXBuildFile; fileRef = 81B2D7D01D57979700BE405C /* Assets.xcassets */; };
		81B2D7D41D57979700BE405C /* LaunchScreen.storyboard in Resources */ = {isa = PBXBuildFile; fileRef = 81B2D7D21D57979700BE405C /* LaunchScreen.storyboard */; };
/* End PBXBuildFile section */

/* Begin PBXFileReference section */
		81B2D7C61D57979700BE405C /* Red And Blue.app */ = {isa = PBXFileReference; explicitFileType = wrapper.application; includeInIndex = 0; path = "Red And Blue.app"; sourceTree = BUILT_PRODUCTS_DIR; };
		81B2D7C91D57979700BE405C /* AppDelegate.swift */ = {isa = PBXFileReference; lastKnownFileType = sourcecode.swift; path = AppDelegate.swift; sourceTree = "<group>"; };
		81B2D7CB1D57979700BE405C /* ViewController.swift */ = {isa = PBXFileReference; lastKnownFileType = sourcecode.swift; path = ViewController.swift; sourceTree = "<group>"; };
		81B2D7CE1D57979700BE405C /* Base */ = {isa = PBXFileReference; lastKnownFileType = file.storyboard; name = Base; path = Base.lproj/Main.storyboard; sourceTree = "<group>"; };
		81B2D7D01D57979700BE405C /* Assets.xcassets */ = {isa = PBXFileReference; lastKnownFileType = folder.assetcatalog; path = Assets.xcassets; sourceTree = "<group>"; };
		81B2D7D31D57979700BE405C /* Base */ = {isa = PBXFileReference; lastKnownFileType = file.storyboard; name = Base; path = Base.lproj/LaunchScreen.storyboard; sourceTree = "<group>"; };
		81B2D7D51D57979700BE405C /* Info.plist */ = {isa = PBXFileReference; lastKnownFileType = text.plist.xml; path = Info.plist; sourceTree = "<group>"; };
/* End PBXFileReference section */

/* Begin PBXFrameworksBuildPhase section */
		81B2D7C31D57979700BE405C /* Frameworks */ = {
			isa = PBXFrameworksBuildPhase;
			buildActionMask = 2147483647;
			files = (
			);
			runOnlyForDeploymentPostprocessing = 0;
		};
/* End PBXFrameworksBuildPhase section */

/* Begin PBXGroup section */
		81B2D7BD1D57979700BE405C = {
			isa = PBXGroup;
			children = (
				81B2D7C81D57979700BE405C /* Red And Blue */,
				81B2D7C71D57979700BE405C /* Products */,
			);
			sourceTree = "<group>";
		};
		81B2D7C71D57979700BE405C /* Products */ = {
			isa = PBXGroup;
			children = (
				81B2D7C61D57979700BE405C /* Red And Blue.app */,
			);
			name = Products;
			sourceTree = "<group>";
		};
		81B2D7C81D57979700BE405C /* Red And Blue */ = {
			isa = PBXGroup;
			children = (
				81B2D7C91D57979700BE405C /* AppDelegate.swift */,
				81B2D7CB1D57979700BE405C /* ViewController.swift */,
				81B2D7CD1D57979700BE405C /* Main.storyboard */,
				81B2D7D01D57979700BE405C /* Assets.xcassets */,
				81B2D7D21D57979700BE405C /* LaunchScreen.storyboard */,
				81B2D7D51D57979700BE405C /* Info.plist */,
			);
			path = "Red And Blue";
			sourceTree = "<group>";
		};
/* End PBXGroup section */

/* Begin PBXNativeTarget section */
		81B2D7C51D57979700BE405C /* Red And Blue */ = {
			isa = PBXNativeTarget;
			buildConfigurationList = 81B2D7D81D57979700BE405C /* Build configuration list for PBXNativeTarget "Red And Blue" */;
			buildPhases = (
				81B2D7C21D57979700BE405C /* Sources */,
				81B2D7C31D57979700BE405C /* Frameworks */,
				81B2D7C41D57979700BE405C /* Resources */,
			);
			buildRules = (
			);
			dependencies = (
			);
			name = "Red And Blue";
			productName = "Red And Blue";
			productReference = 81B2D7C61D57979700BE405C /* Red And Blue.app */;
			productType = "com.apple.product-type.application";
		};
/* End PBXNativeTarget section */

/* Begin PBXProject section */
		81B2D7BE1D57979700BE405C /* Project object */ = {
			isa = PBXProject;
			attributes = {
				LastSwiftUpdateCheck = 0730;
				LastUpgradeCheck = 0730;
				ORGANIZATIONNAME = "Ali Hemani";
				TargetAttributes = {
					81B2D7C51D57979700BE405C = {
						CreatedOnToolsVersion = 7.3.1;
					};
				};
			};
			buildConfigurationList = 81B2D7C11D57979700BE405C /* Build configuration list for PBXProject "Red And Blue" */;
			compatibilityVersion = "Xcode 3.2";
			developmentRegion = English;
			hasScannedForEncodings = 0;
			knownRegions = (
				en,
				Base,
			);
			mainGroup = 81B2D7BD1D57979700BE405C;
			productRefGroup = 81B2D7C71D57979700BE405C /* Products */;
			projectDirPath = "";
			projectRoot = "";
			targets = (
				81B2D7C51D57979700BE405C /* Red And Blue */,
			);
		};
/* End PBXProject section */

/* Begin PBXResourcesBuildPhase section */
		81B2D7C41D57979700BE405C /* Resources */ = {
			isa = PBXResourcesBuildPhase;
			buildActionMask = 2147483647;
			files = (
				81B2D7D41D57979700BE405C /* LaunchScreen.storyboard in Resources */,
				81B2D7D11D57979700BE405C /* Assets.xcassets in Resources */,
				81B2D7CF1D57979700BE405C /* Main.storyboard in Resources */,
			);
			runOnlyForDeploymentPostprocessing = 0;
		};
/* End PBXResourcesBuildPhase section */

/* Begin PBXSourcesBuildPhase section */
		81B2D7C21D57979700BE405C /* Sources */ = {
			isa = PBXSourcesBuildPhase;
			buildActionMask = 2147483647;
			files = (
				81B2D7CC1D57979700BE405C /* ViewController.swift in Sources */,
				81B2D7CA1D57979700BE405C /* AppDelegate.swift in Sources */,
			);
			runOnlyForDeploymentPostprocessing = 0;
		};
/* End PBXSourcesBuildPhase section */

/* Begin PBXVariantGroup section */
		81B2D7CD1D57979700BE405C /* Main.storyboard */ = {
			isa = PBXVariantGroup;
			children = (
				81B2D7CE1D57979700BE405C /* Base */,
			);
			name = Main.storyboard;
			sourceTree = "<group>";
		};
		81B2D7D21D57979700BE405C /* LaunchScreen.storyboard */ = {
			isa = PBXVariantGroup;
			children = (
				81B2D7D31D57979700BE405C /* Base */,
			);
			name = LaunchScreen.storyboard;
			sourceTree = "<group>";
		};
/* End PBXVariantGroup section */

/* Begin XCBuildConfiguration section */
		81B2D7D61D57979700BE405C /* Debug */ = {
			isa = XCBuildConfiguration;
			buildSettings = {
				ALWAYS_SEARCH_USER_PATHS = NO;
				CLANG_ANALYZER_NONNULL = YES;
				CLANG_CXX_LANGUAGE_STANDARD = "gnu++0x";
				CLANG_CXX_LIBRARY = "libc++";
				CLANG_ENABLE_MODULES = YES;
				CLANG_ENABLE_OBJC_ARC = YES;
				CLANG_WARN_BOOL_CONVERSION = YES;
				CLANG_WARN_CONSTANT_CONVERSION = YES;
				CLANG_WARN_DIRECT_OBJC_ISA_USAGE = YES_ERROR;
				CLANG_WARN_EMPTY_BODY = YES;
				CLANG_WARN_ENUM_CONVERSION = YES;
				CLANG_WARN_INT_CONVERSION = YES;
				CLANG_WARN_OBJC_ROOT_CLASS = YES_ERROR;
				CLANG_WARN_UNREACHABLE_CODE = YES;
				CLANG_WARN__DUPLICATE_METHOD_MATCH = YES;
				"CODE_SIGN_IDENTITY[sdk=iphoneos*]" = "iPhone Developer";
				COPY_PHASE_STRIP = NO;
				DEBUG_INFORMATION_FORMAT = dwarf;
				ENABLE_STRICT_OBJC_MSGSEND = YES;
				ENABLE_TESTABILITY = YES;
				GCC_C_LANGUAGE_STANDARD = gnu99;
				GCC_DYNAMIC_NO_PIC = NO;
				GCC_NO_COMMON_BLOCKS = YES;
				GCC_OPTIMIZATION_LEVEL = 0;
				GCC_PREPROCESSOR_DEFINITIONS = (
					"DEBUG=1",
					"$(inherited)",
				);
				GCC_WARN_64_TO_32_BIT_CONVERSION = YES;
				GCC_WARN_ABOUT_RETURN_TYPE = YES_ERROR;
				GCC_WARN_UNDECLARED_SELECTOR = YES;
				GCC_WARN_UNINITIALIZED_AUTOS = YES_AGGRESSIVE;
				GCC_WARN_UNUSED_FUNCTION = YES;
				GCC_WARN_UNUSED_VARIABLE = YES;
				IPHONEOS_DEPLOYMENT_TARGET = 9.3;
				MTL_ENABLE_DEBUG_INFO = YES;
				ONLY_ACTIVE_ARCH = YES;
				SDKROOT = iphoneos;
				SWIFT_OPTIMIZATION_LEVEL = "-Onone";
			};
			name = Debug;
		};
		81B2D7D71D57979700BE405C /* Release */ = {
			isa = XCBuildConfiguration;
			buildSettings = {
				ALWAYS_SEARCH_USER_PATHS = NO;
				CLANG_ANALYZER_NONNULL = YES;
				CLANG_CXX_LANGUAGE_STANDARD = "gnu++0x";
				CLANG_CXX_LIBRARY = "libc++";
				CLANG_ENABLE_MODULES = YES;
				CLANG_ENABLE_OBJC_ARC = YES;
				CLANG_WARN_BOOL_CONVERSION = YES;
				CLANG_WARN_CONSTANT_CONVERSION = YES;
				CLANG_WARN_DIRECT_OBJC_ISA_USAGE = YES_ERROR;
				CLANG_WARN_EMPTY_BODY = YES;
				CLANG_WARN_ENUM_CONVERSION = YES;
				CLANG_WARN_INT_CONVERSION = YES;
				CLANG_WARN_OBJC_ROOT_CLASS = YES_ERROR;
				CLANG_WARN_UNREACHABLE_CODE = YES;
				CLANG_WARN__DUPLICATE_METHOD_MATCH = YES;
				"CODE_SIGN_IDENTITY[sdk=iphoneos*]" = "iPhone Developer";
				COPY_PHASE_STRIP = NO;
				DEBUG_INFORMATION_FORMAT = "dwarf-with-dsym";
				ENABLE_NS_ASSERTIONS = NO;
				ENABLE_STRICT_OBJC_MSGSEND = YES;
				GCC_C_LANGUAGE_STANDARD = gnu99;
				GCC_NO_COMMON_BLOCKS = YES;
				GCC_WARN_64_TO_32_BIT_CONVERSION = YES;
				GCC_WARN_ABOUT_RETURN_TYPE = YES_ERROR;
				GCC_WARN_UNDECLARED_SELECTOR = YES;
				GCC_WARN_UNINITIALIZED_AUTOS = YES_AGGRESSIVE;
				GCC_WARN_UNUSED_FUNCTION = YES;
				GCC_WARN_UNUSED_VARIABLE = YES;
				IPHONEOS_DEPLOYMENT_TARGET = 9.3;
				MTL_ENABLE_DEBUG_INFO = NO;
				SDKROOT = iphoneos;
				VALIDATE_PRODUCT = YES;
			};
			name = Release;
		};
		81B2D7D91D57979700BE405C /* Debug */ = {
			isa = XCBuildConfiguration;
			buildSettings = {
				ASSETCATALOG_COMPILER_APPICON_NAME = AppIcon;
				CODE_SIGN_IDENTITY = "iPhone Developer";
				INFOPLIST_FILE = "Red And Blue/Info.plist";
				LD_RUNPATH_SEARCH_PATHS = "$(inherited) @executable_path/Frameworks";
				PRODUCT_BUNDLE_IDENTIFIER = "com.younghemani.Red-And-Blue";
				PRODUCT_NAME = "$(TARGET_NAME)";
				TARGETED_DEVICE_FAMILY = 1;
			};
			name = Debug;
		};
		81B2D7DA1D57979700BE405C /* Release */ = {
			isa = XCBuildConfiguration;
			buildSettings = {
				ASSETCATALOG_COMPILER_APPICON_NAME = AppIcon;
				CODE_SIGN_IDENTITY = "iPhone Developer";
				INFOPLIST_FILE = "Red And Blue/Info.plist";
				LD_RUNPATH_SEARCH_PATHS = "$(inherited) @executable_path/Frameworks";
				PRODUCT_BUNDLE_IDENTIFIER = "com.younghemani.Red-And-Blue";
				PRODUCT_NAME = "$(TARGET_NAME)";
				TARGETED_DEVICE_FAMILY = 1;
			};
			name = Release;
		};
/* End XCBuildConfiguration section */

/* Begin XCConfigurationList section */
		81B2D7C11D57979700BE405C /* Build configuration list for PBXProject "Red And Blue" */ = {
			isa = XCConfigurationList;
			buildConfigurations = (
				81B2D7D61D57979700BE405C /* Debug */,
				81B2D7D71D57979700BE405C /* Release */,
			);
			defaultConfigurationIsVisible = 0;
			defaultConfigurationName = Release;
		};
		81B2D7D81D57979700BE405C /* Build configuration list for PBXNativeTarget "Red And Blue" */ = {
			isa = XCConfigurationList;
			buildConfigurations = (
				81B2D7D91D57979700BE405C /* Debug */,
				81B2D7DA1D57979700BE405C /* Release */,
			);
			defaultConfigurationIsVisible = 0;
		};
/* End XCConfigurationList section */
	};
	rootObject = 81B2D7BE1D57979700BE405C /* Project object */;
}
